
Microsoft Visual Studio Solution File, Format Version 12.00
# Visual Studio Version 16
VisualStudioVersion = 16.0.29519.87
MinimumVisualStudioVersion = 15.0.26124.0
Project("{2150E333-8FDC-42A3-9474-1A3956D46DE8}") = "src", "src", "{E77B639D-834C-4133-A3F1-868A51440451}"
EndProject
Project("{9A19103F-16F7-4668-BE54-9A1E7A4F7556}") = "Helpers", "src\Helpers\Helpers.csproj", "{B7C0642C-3C98-4119-9ABD-E7AB2F16C090}"
EndProject
Project("{9A19103F-16F7-4668-BE54-9A1E7A4F7556}") = "AdventOfCodeRunner", "src\AdventOfCodeRunner\AdventOfCodeRunner.csproj", "{0C39F6DB-2491-4481-8D3F-08154DAAF66D}"
EndProject
Project("{2150E333-8FDC-42A3-9474-1A3956D46DE8}") = "days", "days", "{1F991EFC-A6FF-4788-B078-D6E308BEF5FA}"
EndProject
Project("{9A19103F-16F7-4668-BE54-9A1E7A4F7556}") = "DayOne", "src\Days\DayOne\DayOne.csproj", "{9549F463-5563-4CA0-9262-7B489FC62286}"
EndProject
Project("{9A19103F-16F7-4668-BE54-9A1E7A4F7556}") = "DayTwo", "src\Days\DayTwo\DayTwo.csproj", "{FA9C9C25-4AEB-4510-BD66-E08DE478A4A5}"
EndProject
Project("{9A19103F-16F7-4668-BE54-9A1E7A4F7556}") = "DayThree", "src\Days\DayThree\DayThree.csproj", "{ABF631EB-0C71-41BF-B532-752983616D6D}"
EndProject
Project("{9A19103F-16F7-4668-BE54-9A1E7A4F7556}") = "DayFour", "src\Days\DayFour\DayFour.csproj", "{CD0BC964-B635-44B3-93F7-CD1F7BBFD0D2}"
EndProject
Project("{FAE04EC0-301F-11D3-BF4B-00C04F79EFBC}") = "DayFive", "src\Days\DayFive\DayFive.csproj", "{799F27F9-65C6-4B05-9BC9-0A35CD83BCA3}"
EndProject
Global
	GlobalSection(SolutionConfigurationPlatforms) = preSolution
		Debug|Any CPU = Debug|Any CPU
		Debug|x64 = Debug|x64
		Debug|x86 = Debug|x86
		Release|Any CPU = Release|Any CPU
		Release|x64 = Release|x64
		Release|x86 = Release|x86
	EndGlobalSection
	GlobalSection(ProjectConfigurationPlatforms) = postSolution
		{B7C0642C-3C98-4119-9ABD-E7AB2F16C090}.Debug|Any CPU.ActiveCfg = Debug|Any CPU
		{B7C0642C-3C98-4119-9ABD-E7AB2F16C090}.Debug|Any CPU.Build.0 = Debug|Any CPU
		{B7C0642C-3C98-4119-9ABD-E7AB2F16C090}.Debug|x64.ActiveCfg = Debug|Any CPU
		{B7C0642C-3C98-4119-9ABD-E7AB2F16C090}.Debug|x64.Build.0 = Debug|Any CPU
		{B7C0642C-3C98-4119-9ABD-E7AB2F16C090}.Debug|x86.ActiveCfg = Debug|Any CPU
		{B7C0642C-3C98-4119-9ABD-E7AB2F16C090}.Debug|x86.Build.0 = Debug|Any CPU
		{B7C0642C-3C98-4119-9ABD-E7AB2F16C090}.Release|Any CPU.ActiveCfg = Release|Any CPU
		{B7C0642C-3C98-4119-9ABD-E7AB2F16C090}.Release|Any CPU.Build.0 = Release|Any CPU
		{B7C0642C-3C98-4119-9ABD-E7AB2F16C090}.Release|x64.ActiveCfg = Release|Any CPU
		{B7C0642C-3C98-4119-9ABD-E7AB2F16C090}.Release|x64.Build.0 = Release|Any CPU
		{B7C0642C-3C98-4119-9ABD-E7AB2F16C090}.Release|x86.ActiveCfg = Release|Any CPU
		{B7C0642C-3C98-4119-9ABD-E7AB2F16C090}.Release|x86.Build.0 = Release|Any CPU
		{0C39F6DB-2491-4481-8D3F-08154DAAF66D}.Debug|Any CPU.ActiveCfg = Debug|Any CPU
		{0C39F6DB-2491-4481-8D3F-08154DAAF66D}.Debug|Any CPU.Build.0 = Debug|Any CPU
		{0C39F6DB-2491-4481-8D3F-08154DAAF66D}.Debug|x64.ActiveCfg = Debug|Any CPU
		{0C39F6DB-2491-4481-8D3F-08154DAAF66D}.Debug|x64.Build.0 = Debug|Any CPU
		{0C39F6DB-2491-4481-8D3F-08154DAAF66D}.Debug|x86.ActiveCfg = Debug|Any CPU
		{0C39F6DB-2491-4481-8D3F-08154DAAF66D}.Debug|x86.Build.0 = Debug|Any CPU
		{0C39F6DB-2491-4481-8D3F-08154DAAF66D}.Release|Any CPU.ActiveCfg = Release|Any CPU
		{0C39F6DB-2491-4481-8D3F-08154DAAF66D}.Release|Any CPU.Build.0 = Release|Any CPU
		{0C39F6DB-2491-4481-8D3F-08154DAAF66D}.Release|x64.ActiveCfg = Release|Any CPU
		{0C39F6DB-2491-4481-8D3F-08154DAAF66D}.Release|x64.Build.0 = Release|Any CPU
		{0C39F6DB-2491-4481-8D3F-08154DAAF66D}.Release|x86.ActiveCfg = Release|Any CPU
		{0C39F6DB-2491-4481-8D3F-08154DAAF66D}.Release|x86.Build.0 = Release|Any CPU
		{9549F463-5563-4CA0-9262-7B489FC62286}.Debug|Any CPU.ActiveCfg = Debug|Any CPU
		{9549F463-5563-4CA0-9262-7B489FC62286}.Debug|Any CPU.Build.0 = Debug|Any CPU
		{9549F463-5563-4CA0-9262-7B489FC62286}.Debug|x64.ActiveCfg = Debug|Any CPU
		{9549F463-5563-4CA0-9262-7B489FC62286}.Debug|x64.Build.0 = Debug|Any CPU
		{9549F463-5563-4CA0-9262-7B489FC62286}.Debug|x86.ActiveCfg = Debug|Any CPU
		{9549F463-5563-4CA0-9262-7B489FC62286}.Debug|x86.Build.0 = Debug|Any CPU
		{9549F463-5563-4CA0-9262-7B489FC62286}.Release|Any CPU.ActiveCfg = Release|Any CPU
		{9549F463-5563-4CA0-9262-7B489FC62286}.Release|Any CPU.Build.0 = Release|Any CPU
		{9549F463-5563-4CA0-9262-7B489FC62286}.Release|x64.ActiveCfg = Release|Any CPU
		{9549F463-5563-4CA0-9262-7B489FC62286}.Release|x64.Build.0 = Release|Any CPU
		{9549F463-5563-4CA0-9262-7B489FC62286}.Release|x86.ActiveCfg = Release|Any CPU
		{9549F463-5563-4CA0-9262-7B489FC62286}.Release|x86.Build.0 = Release|Any CPU
		{FA9C9C25-4AEB-4510-BD66-E08DE478A4A5}.Debug|Any CPU.ActiveCfg = Debug|Any CPU
		{FA9C9C25-4AEB-4510-BD66-E08DE478A4A5}.Debug|Any CPU.Build.0 = Debug|Any CPU
		{FA9C9C25-4AEB-4510-BD66-E08DE478A4A5}.Debug|x64.ActiveCfg = Debug|Any CPU
		{FA9C9C25-4AEB-4510-BD66-E08DE478A4A5}.Debug|x64.Build.0 = Debug|Any CPU
		{FA9C9C25-4AEB-4510-BD66-E08DE478A4A5}.Debug|x86.ActiveCfg = Debug|Any CPU
		{FA9C9C25-4AEB-4510-BD66-E08DE478A4A5}.Debug|x86.Build.0 = Debug|Any CPU
		{FA9C9C25-4AEB-4510-BD66-E08DE478A4A5}.Release|Any CPU.ActiveCfg = Release|Any CPU
		{FA9C9C25-4AEB-4510-BD66-E08DE478A4A5}.Release|Any CPU.Build.0 = Release|Any CPU
		{FA9C9C25-4AEB-4510-BD66-E08DE478A4A5}.Release|x64.ActiveCfg = Release|Any CPU
		{FA9C9C25-4AEB-4510-BD66-E08DE478A4A5}.Release|x64.Build.0 = Release|Any CPU
		{FA9C9C25-4AEB-4510-BD66-E08DE478A4A5}.Release|x86.ActiveCfg = Release|Any CPU
		{FA9C9C25-4AEB-4510-BD66-E08DE478A4A5}.Release|x86.Build.0 = Release|Any CPU
		{ABF631EB-0C71-41BF-B532-752983616D6D}.Debug|Any CPU.ActiveCfg = Debug|Any CPU
		{ABF631EB-0C71-41BF-B532-752983616D6D}.Debug|Any CPU.Build.0 = Debug|Any CPU
		{ABF631EB-0C71-41BF-B532-752983616D6D}.Debug|x64.ActiveCfg = Debug|Any CPU
		{ABF631EB-0C71-41BF-B532-752983616D6D}.Debug|x64.Build.0 = Debug|Any CPU
		{ABF631EB-0C71-41BF-B532-752983616D6D}.Debug|x86.ActiveCfg = Debug|Any CPU
		{ABF631EB-0C71-41BF-B532-752983616D6D}.Debug|x86.Build.0 = Debug|Any CPU
		{ABF631EB-0C71-41BF-B532-752983616D6D}.Release|Any CPU.ActiveCfg = Release|Any CPU
		{ABF631EB-0C71-41BF-B532-752983616D6D}.Release|Any CPU.Build.0 = Release|Any CPU
		{ABF631EB-0C71-41BF-B532-752983616D6D}.Release|x64.ActiveCfg = Release|Any CPU
		{ABF631EB-0C71-41BF-B532-752983616D6D}.Release|x64.Build.0 = Release|Any CPU
		{ABF631EB-0C71-41BF-B532-752983616D6D}.Release|x86.ActiveCfg = Release|Any CPU
		{ABF631EB-0C71-41BF-B532-752983616D6D}.Release|x86.Build.0 = Release|Any CPU
		{CD0BC964-B635-44B3-93F7-CD1F7BBFD0D2}.Debug|Any CPU.ActiveCfg = Debug|Any CPU
		{CD0BC964-B635-44B3-93F7-CD1F7BBFD0D2}.Debug|Any CPU.Build.0 = Debug|Any CPU
		{CD0BC964-B635-44B3-93F7-CD1F7BBFD0D2}.Debug|x64.ActiveCfg = Debug|Any CPU
		{CD0BC964-B635-44B3-93F7-CD1F7BBFD0D2}.Debug|x64.Build.0 = Debug|Any CPU
		{CD0BC964-B635-44B3-93F7-CD1F7BBFD0D2}.Debug|x86.ActiveCfg = Debug|Any CPU
		{CD0BC964-B635-44B3-93F7-CD1F7BBFD0D2}.Debug|x86.Build.0 = Debug|Any CPU
		{CD0BC964-B635-44B3-93F7-CD1F7BBFD0D2}.Release|Any CPU.ActiveCfg = Release|Any CPU
		{CD0BC964-B635-44B3-93F7-CD1F7BBFD0D2}.Release|Any CPU.Build.0 = Release|Any CPU
		{CD0BC964-B635-44B3-93F7-CD1F7BBFD0D2}.Release|x64.ActiveCfg = Release|Any CPU
		{CD0BC964-B635-44B3-93F7-CD1F7BBFD0D2}.Release|x64.Build.0 = Release|Any CPU
		{CD0BC964-B635-44B3-93F7-CD1F7BBFD0D2}.Release|x86.ActiveCfg = Release|Any CPU
		{CD0BC964-B635-44B3-93F7-CD1F7BBFD0D2}.Release|x86.Build.0 = Release|Any CPU
		{799F27F9-65C6-4B05-9BC9-0A35CD83BCA3}.Debug|Any CPU.ActiveCfg = Debug|Any CPU
		{799F27F9-65C6-4B05-9BC9-0A35CD83BCA3}.Debug|Any CPU.Build.0 = Debug|Any CPU
		{799F27F9-65C6-4B05-9BC9-0A35CD83BCA3}.Debug|x64.ActiveCfg = Debug|Any CPU
		{799F27F9-65C6-4B05-9BC9-0A35CD83BCA3}.Debug|x64.Build.0 = Debug|Any CPU
		{799F27F9-65C6-4B05-9BC9-0A35CD83BCA3}.Debug|x86.ActiveCfg = Debug|Any CPU
		{799F27F9-65C6-4B05-9BC9-0A35CD83BCA3}.Debug|x86.Build.0 = Debug|Any CPU
		{799F27F9-65C6-4B05-9BC9-0A35CD83BCA3}.Release|Any CPU.ActiveCfg = Release|Any CPU
		{799F27F9-65C6-4B05-9BC9-0A35CD83BCA3}.Release|Any CPU.Build.0 = Release|Any CPU
		{799F27F9-65C6-4B05-9BC9-0A35CD83BCA3}.Release|x64.ActiveCfg = Release|Any CPU
		{799F27F9-65C6-4B05-9BC9-0A35CD83BCA3}.Release|x64.Build.0 = Release|Any CPU
		{799F27F9-65C6-4B05-9BC9-0A35CD83BCA3}.Release|x86.ActiveCfg = Release|Any CPU
		{799F27F9-65C6-4B05-9BC9-0A35CD83BCA3}.Release|x86.Build.0 = Release|Any CPU
	EndGlobalSection
	GlobalSection(SolutionProperties) = preSolution
		HideSolutionNode = FALSE
	EndGlobalSection
	GlobalSection(NestedProjects) = preSolution
		{B7C0642C-3C98-4119-9ABD-E7AB2F16C090} = {E77B639D-834C-4133-A3F1-868A51440451}
		{0C39F6DB-2491-4481-8D3F-08154DAAF66D} = {E77B639D-834C-4133-A3F1-868A51440451}
		{1F991EFC-A6FF-4788-B078-D6E308BEF5FA} = {E77B639D-834C-4133-A3F1-868A51440451}
		{9549F463-5563-4CA0-9262-7B489FC62286} = {1F991EFC-A6FF-4788-B078-D6E308BEF5FA}
		{FA9C9C25-4AEB-4510-BD66-E08DE478A4A5} = {1F991EFC-A6FF-4788-B078-D6E308BEF5FA}
		{ABF631EB-0C71-41BF-B532-752983616D6D} = {1F991EFC-A6FF-4788-B078-D6E308BEF5FA}
		{CD0BC964-B635-44B3-93F7-CD1F7BBFD0D2} = {1F991EFC-A6FF-4788-B078-D6E308BEF5FA}
		{799F27F9-65C6-4B05-9BC9-0A35CD83BCA3} = {1F991EFC-A6FF-4788-B078-D6E308BEF5FA}
	EndGlobalSection
	GlobalSection(ExtensibilityGlobals) = postSolution
		SolutionGuid = {0E2B37AE-C103-4A21-AB47-0131D12D6E70}
	EndGlobalSection
EndGlobal
