
Microsoft Visual Studio Solution File, Format Version 12.00
# Visual Studio Version 16
VisualStudioVersion = 16.0.29519.87
MinimumVisualStudioVersion = 15.0.26124.0
Project("{2150E333-8FDC-42A3-9474-1A3956D46DE8}") = "src", "src", "{E77B639D-834C-4133-A3F1-868A51440451}"
EndProject
Project("{9A19103F-16F7-4668-BE54-9A1E7A4F7556}") = "Helpers", "src\Helpers\Helpers.csproj", "{B7C0642C-3C98-4119-9ABD-E7AB2F16C090}"
EndProject
Project("{9A19103F-16F7-4668-BE54-9A1E7A4F7556}") = "AdventOfCodeRunner", "src\AdventOfCodeRunner\AdventOfCodeRunner.csproj", "{0C39F6DB-2491-4481-8D3F-08154DAAF66D}"
EndProject
Project("{2150E333-8FDC-42A3-9474-1A3956D46DE8}") = "days", "days", "{1F991EFC-A6FF-4788-B078-D6E308BEF5FA}"
EndProject
Project("{9A19103F-16F7-4668-BE54-9A1E7A4F7556}") = "DayOne", "src\Days\DayOne\DayOne.csproj", "{9549F463-5563-4CA0-9262-7B489FC62286}"
EndProject
Project("{9A19103F-16F7-4668-BE54-9A1E7A4F7556}") = "DayTwo", "src\Days\DayTwo\DayTwo.csproj", "{FA9C9C25-4AEB-4510-BD66-E08DE478A4A5}"
EndProject
Project("{9A19103F-16F7-4668-BE54-9A1E7A4F7556}") = "DayThree", "src\Days\DayThree\DayThree.csproj", "{ABF631EB-0C71-41BF-B532-752983616D6D}"
EndProject
Project("{9A19103F-16F7-4668-BE54-9A1E7A4F7556}") = "DayFour", "src\Days\DayFour\DayFour.csproj", "{CD0BC964-B635-44B3-93F7-CD1F7BBFD0D2}"
EndProject
Project("{9A19103F-16F7-4668-BE54-9A1E7A4F7556}") = "DayFive", "src\Days\DayFive\DayFive.csproj", "{799F27F9-65C6-4B05-9BC9-0A35CD83BCA3}"
EndProject
Project("{9A19103F-16F7-4668-BE54-9A1E7A4F7556}") = "DaySix", "src\Days\DaySix\DaySix.csproj", "{4DC718C3-46F3-4C6B-AABD-1BFA14B902DC}"
EndProject
Project("{9A19103F-16F7-4668-BE54-9A1E7A4F7556}") = "DaySeven", "src\Days\DaySeven\DaySeven.csproj", "{A742D47F-F336-4A00-B434-82B108FA515C}"
EndProject
Project("{9A19103F-16F7-4668-BE54-9A1E7A4F7556}") = "DayEight", "src\Days\DayEight\DayEight.csproj", "{60CFD67E-1E54-4C42-A5C0-AAC1D65A88C5}"
EndProject
Project("{9A19103F-16F7-4668-BE54-9A1E7A4F7556}") = "DayNine", "src\Days\DayNine\DayNine.csproj", "{11CC98C6-5277-4566-BFFD-32076888D2B4}"
EndProject
Project("{9A19103F-16F7-4668-BE54-9A1E7A4F7556}") = "DayTen", "src\Days\DayTen\DayTen.csproj", "{8D8580C3-40E7-4866-9C21-6F4302416FE0}"
EndProject
Project("{9A19103F-16F7-4668-BE54-9A1E7A4F7556}") = "DayEleven", "src\Days\DayEleven\DayEleven.csproj", "{373B410F-7ABF-4809-9420-B494EDB35394}"
EndProject
Project("{9A19103F-16F7-4668-BE54-9A1E7A4F7556}") = "DayTwelve", "src\Days\DayTwelve\DayTwelve.csproj", "{841DD667-32BC-4EB8-865E-1232DC89448A}"
EndProject
Project("{9A19103F-16F7-4668-BE54-9A1E7A4F7556}") = "DayThirteen", "src\Days\DayThirteen\DayThirteen.csproj", "{46653A17-9946-4537-A20C-C13ACC7D2DF3}"
EndProject
Project("{9A19103F-16F7-4668-BE54-9A1E7A4F7556}") = "DayFourteen", "src\Days\DayFourteen\DayFourteen.csproj", "{7771BA5A-BD74-4949-8067-8948E2F36F22}"
EndProject
Project("{9A19103F-16F7-4668-BE54-9A1E7A4F7556}") = "DayFifteen", "src\Days\DayFifteen\DayFifteen.csproj", "{85902570-4822-49E4-AC78-F291E1A4E6F7}"
EndProject
Project("{9A19103F-16F7-4668-BE54-9A1E7A4F7556}") = "DaySixteen", "src\Days\DaySixteen\DaySixteen.csproj", "{B60A1576-33EB-4BED-A753-D03A797F975A}"
EndProject
Project("{9A19103F-16F7-4668-BE54-9A1E7A4F7556}") = "DaySeventeen", "src\Days\DaySeventeen\DaySeventeen.csproj", "{109833E7-1E8C-49B6-9CB1-30962C0335BD}"
EndProject
Project("{9A19103F-16F7-4668-BE54-9A1E7A4F7556}") = "DayNineteen", "src\Days\DayNineteen\DayNineteen.csproj", "{600E2942-97CA-45AC-B3FA-9A45DA60A5FF}"
EndProject
Project("{9A19103F-16F7-4668-BE54-9A1E7A4F7556}") = "DayTwenty", "src\Days\DayTwenty\DayTwenty.csproj", "{DA2E3D18-3032-443F-9764-6E9A1ADFBE82}"
EndProject
Project("{2150E333-8FDC-42A3-9474-1A3956D46DE8}") = "Solution Items", "Solution Items", "{F8BC21C0-C154-4DDC-AB51-03D696B85A6A}"
	ProjectSection(SolutionItems) = preProject
		Directory.build.props = Directory.build.props
	EndProjectSection
EndProject
Project("{FAE04EC0-301F-11D3-BF4B-00C04F79EFBC}") = "DayTwentyOne", "src\Days\DayTwentyOne\DayTwentyOne.csproj", "{A9038C40-5D86-455B-869B-61069A6DF318}"
EndProject
Project("{FAE04EC0-301F-11D3-BF4B-00C04F79EFBC}") = "DayTwentyTwo", "src\Days\DayTwentyTwo\DayTwentyTwo.csproj", "{2E26C321-F8F4-4AC7-A3B4-B755702388F0}"
EndProject
Global
	GlobalSection(SolutionConfigurationPlatforms) = preSolution
		Debug|Any CPU = Debug|Any CPU
		Debug|x64 = Debug|x64
		Debug|x86 = Debug|x86
		Release|Any CPU = Release|Any CPU
		Release|x64 = Release|x64
		Release|x86 = Release|x86
	EndGlobalSection
	GlobalSection(ProjectConfigurationPlatforms) = postSolution
		{B7C0642C-3C98-4119-9ABD-E7AB2F16C090}.Debug|Any CPU.ActiveCfg = Debug|Any CPU
		{B7C0642C-3C98-4119-9ABD-E7AB2F16C090}.Debug|Any CPU.Build.0 = Debug|Any CPU
		{B7C0642C-3C98-4119-9ABD-E7AB2F16C090}.Debug|x64.ActiveCfg = Debug|Any CPU
		{B7C0642C-3C98-4119-9ABD-E7AB2F16C090}.Debug|x64.Build.0 = Debug|Any CPU
		{B7C0642C-3C98-4119-9ABD-E7AB2F16C090}.Debug|x86.ActiveCfg = Debug|Any CPU
		{B7C0642C-3C98-4119-9ABD-E7AB2F16C090}.Debug|x86.Build.0 = Debug|Any CPU
		{B7C0642C-3C98-4119-9ABD-E7AB2F16C090}.Release|Any CPU.ActiveCfg = Release|Any CPU
		{B7C0642C-3C98-4119-9ABD-E7AB2F16C090}.Release|Any CPU.Build.0 = Release|Any CPU
		{B7C0642C-3C98-4119-9ABD-E7AB2F16C090}.Release|x64.ActiveCfg = Release|Any CPU
		{B7C0642C-3C98-4119-9ABD-E7AB2F16C090}.Release|x64.Build.0 = Release|Any CPU
		{B7C0642C-3C98-4119-9ABD-E7AB2F16C090}.Release|x86.ActiveCfg = Release|Any CPU
		{B7C0642C-3C98-4119-9ABD-E7AB2F16C090}.Release|x86.Build.0 = Release|Any CPU
		{0C39F6DB-2491-4481-8D3F-08154DAAF66D}.Debug|Any CPU.ActiveCfg = Debug|Any CPU
		{0C39F6DB-2491-4481-8D3F-08154DAAF66D}.Debug|Any CPU.Build.0 = Debug|Any CPU
		{0C39F6DB-2491-4481-8D3F-08154DAAF66D}.Debug|x64.ActiveCfg = Debug|Any CPU
		{0C39F6DB-2491-4481-8D3F-08154DAAF66D}.Debug|x64.Build.0 = Debug|Any CPU
		{0C39F6DB-2491-4481-8D3F-08154DAAF66D}.Debug|x86.ActiveCfg = Debug|Any CPU
		{0C39F6DB-2491-4481-8D3F-08154DAAF66D}.Debug|x86.Build.0 = Debug|Any CPU
		{0C39F6DB-2491-4481-8D3F-08154DAAF66D}.Release|Any CPU.ActiveCfg = Release|Any CPU
		{0C39F6DB-2491-4481-8D3F-08154DAAF66D}.Release|Any CPU.Build.0 = Release|Any CPU
		{0C39F6DB-2491-4481-8D3F-08154DAAF66D}.Release|x64.ActiveCfg = Release|Any CPU
		{0C39F6DB-2491-4481-8D3F-08154DAAF66D}.Release|x64.Build.0 = Release|Any CPU
		{0C39F6DB-2491-4481-8D3F-08154DAAF66D}.Release|x86.ActiveCfg = Release|Any CPU
		{0C39F6DB-2491-4481-8D3F-08154DAAF66D}.Release|x86.Build.0 = Release|Any CPU
		{9549F463-5563-4CA0-9262-7B489FC62286}.Debug|Any CPU.ActiveCfg = Debug|Any CPU
		{9549F463-5563-4CA0-9262-7B489FC62286}.Debug|Any CPU.Build.0 = Debug|Any CPU
		{9549F463-5563-4CA0-9262-7B489FC62286}.Debug|x64.ActiveCfg = Debug|Any CPU
		{9549F463-5563-4CA0-9262-7B489FC62286}.Debug|x64.Build.0 = Debug|Any CPU
		{9549F463-5563-4CA0-9262-7B489FC62286}.Debug|x86.ActiveCfg = Debug|Any CPU
		{9549F463-5563-4CA0-9262-7B489FC62286}.Debug|x86.Build.0 = Debug|Any CPU
		{9549F463-5563-4CA0-9262-7B489FC62286}.Release|Any CPU.ActiveCfg = Release|Any CPU
		{9549F463-5563-4CA0-9262-7B489FC62286}.Release|Any CPU.Build.0 = Release|Any CPU
		{9549F463-5563-4CA0-9262-7B489FC62286}.Release|x64.ActiveCfg = Release|Any CPU
		{9549F463-5563-4CA0-9262-7B489FC62286}.Release|x64.Build.0 = Release|Any CPU
		{9549F463-5563-4CA0-9262-7B489FC62286}.Release|x86.ActiveCfg = Release|Any CPU
		{9549F463-5563-4CA0-9262-7B489FC62286}.Release|x86.Build.0 = Release|Any CPU
		{FA9C9C25-4AEB-4510-BD66-E08DE478A4A5}.Debug|Any CPU.ActiveCfg = Debug|Any CPU
		{FA9C9C25-4AEB-4510-BD66-E08DE478A4A5}.Debug|Any CPU.Build.0 = Debug|Any CPU
		{FA9C9C25-4AEB-4510-BD66-E08DE478A4A5}.Debug|x64.ActiveCfg = Debug|Any CPU
		{FA9C9C25-4AEB-4510-BD66-E08DE478A4A5}.Debug|x64.Build.0 = Debug|Any CPU
		{FA9C9C25-4AEB-4510-BD66-E08DE478A4A5}.Debug|x86.ActiveCfg = Debug|Any CPU
		{FA9C9C25-4AEB-4510-BD66-E08DE478A4A5}.Debug|x86.Build.0 = Debug|Any CPU
		{FA9C9C25-4AEB-4510-BD66-E08DE478A4A5}.Release|Any CPU.ActiveCfg = Release|Any CPU
		{FA9C9C25-4AEB-4510-BD66-E08DE478A4A5}.Release|Any CPU.Build.0 = Release|Any CPU
		{FA9C9C25-4AEB-4510-BD66-E08DE478A4A5}.Release|x64.ActiveCfg = Release|Any CPU
		{FA9C9C25-4AEB-4510-BD66-E08DE478A4A5}.Release|x64.Build.0 = Release|Any CPU
		{FA9C9C25-4AEB-4510-BD66-E08DE478A4A5}.Release|x86.ActiveCfg = Release|Any CPU
		{FA9C9C25-4AEB-4510-BD66-E08DE478A4A5}.Release|x86.Build.0 = Release|Any CPU
		{ABF631EB-0C71-41BF-B532-752983616D6D}.Debug|Any CPU.ActiveCfg = Debug|Any CPU
		{ABF631EB-0C71-41BF-B532-752983616D6D}.Debug|Any CPU.Build.0 = Debug|Any CPU
		{ABF631EB-0C71-41BF-B532-752983616D6D}.Debug|x64.ActiveCfg = Debug|Any CPU
		{ABF631EB-0C71-41BF-B532-752983616D6D}.Debug|x64.Build.0 = Debug|Any CPU
		{ABF631EB-0C71-41BF-B532-752983616D6D}.Debug|x86.ActiveCfg = Debug|Any CPU
		{ABF631EB-0C71-41BF-B532-752983616D6D}.Debug|x86.Build.0 = Debug|Any CPU
		{ABF631EB-0C71-41BF-B532-752983616D6D}.Release|Any CPU.ActiveCfg = Release|Any CPU
		{ABF631EB-0C71-41BF-B532-752983616D6D}.Release|Any CPU.Build.0 = Release|Any CPU
		{ABF631EB-0C71-41BF-B532-752983616D6D}.Release|x64.ActiveCfg = Release|Any CPU
		{ABF631EB-0C71-41BF-B532-752983616D6D}.Release|x64.Build.0 = Release|Any CPU
		{ABF631EB-0C71-41BF-B532-752983616D6D}.Release|x86.ActiveCfg = Release|Any CPU
		{ABF631EB-0C71-41BF-B532-752983616D6D}.Release|x86.Build.0 = Release|Any CPU
		{CD0BC964-B635-44B3-93F7-CD1F7BBFD0D2}.Debug|Any CPU.ActiveCfg = Debug|Any CPU
		{CD0BC964-B635-44B3-93F7-CD1F7BBFD0D2}.Debug|Any CPU.Build.0 = Debug|Any CPU
		{CD0BC964-B635-44B3-93F7-CD1F7BBFD0D2}.Debug|x64.ActiveCfg = Debug|Any CPU
		{CD0BC964-B635-44B3-93F7-CD1F7BBFD0D2}.Debug|x64.Build.0 = Debug|Any CPU
		{CD0BC964-B635-44B3-93F7-CD1F7BBFD0D2}.Debug|x86.ActiveCfg = Debug|Any CPU
		{CD0BC964-B635-44B3-93F7-CD1F7BBFD0D2}.Debug|x86.Build.0 = Debug|Any CPU
		{CD0BC964-B635-44B3-93F7-CD1F7BBFD0D2}.Release|Any CPU.ActiveCfg = Release|Any CPU
		{CD0BC964-B635-44B3-93F7-CD1F7BBFD0D2}.Release|Any CPU.Build.0 = Release|Any CPU
		{CD0BC964-B635-44B3-93F7-CD1F7BBFD0D2}.Release|x64.ActiveCfg = Release|Any CPU
		{CD0BC964-B635-44B3-93F7-CD1F7BBFD0D2}.Release|x64.Build.0 = Release|Any CPU
		{CD0BC964-B635-44B3-93F7-CD1F7BBFD0D2}.Release|x86.ActiveCfg = Release|Any CPU
		{CD0BC964-B635-44B3-93F7-CD1F7BBFD0D2}.Release|x86.Build.0 = Release|Any CPU
		{799F27F9-65C6-4B05-9BC9-0A35CD83BCA3}.Debug|Any CPU.ActiveCfg = Debug|Any CPU
		{799F27F9-65C6-4B05-9BC9-0A35CD83BCA3}.Debug|Any CPU.Build.0 = Debug|Any CPU
		{799F27F9-65C6-4B05-9BC9-0A35CD83BCA3}.Debug|x64.ActiveCfg = Debug|Any CPU
		{799F27F9-65C6-4B05-9BC9-0A35CD83BCA3}.Debug|x64.Build.0 = Debug|Any CPU
		{799F27F9-65C6-4B05-9BC9-0A35CD83BCA3}.Debug|x86.ActiveCfg = Debug|Any CPU
		{799F27F9-65C6-4B05-9BC9-0A35CD83BCA3}.Debug|x86.Build.0 = Debug|Any CPU
		{799F27F9-65C6-4B05-9BC9-0A35CD83BCA3}.Release|Any CPU.ActiveCfg = Release|Any CPU
		{799F27F9-65C6-4B05-9BC9-0A35CD83BCA3}.Release|Any CPU.Build.0 = Release|Any CPU
		{799F27F9-65C6-4B05-9BC9-0A35CD83BCA3}.Release|x64.ActiveCfg = Release|Any CPU
		{799F27F9-65C6-4B05-9BC9-0A35CD83BCA3}.Release|x64.Build.0 = Release|Any CPU
		{799F27F9-65C6-4B05-9BC9-0A35CD83BCA3}.Release|x86.ActiveCfg = Release|Any CPU
		{799F27F9-65C6-4B05-9BC9-0A35CD83BCA3}.Release|x86.Build.0 = Release|Any CPU
		{4DC718C3-46F3-4C6B-AABD-1BFA14B902DC}.Debug|Any CPU.ActiveCfg = Debug|Any CPU
		{4DC718C3-46F3-4C6B-AABD-1BFA14B902DC}.Debug|Any CPU.Build.0 = Debug|Any CPU
		{4DC718C3-46F3-4C6B-AABD-1BFA14B902DC}.Debug|x64.ActiveCfg = Debug|Any CPU
		{4DC718C3-46F3-4C6B-AABD-1BFA14B902DC}.Debug|x64.Build.0 = Debug|Any CPU
		{4DC718C3-46F3-4C6B-AABD-1BFA14B902DC}.Debug|x86.ActiveCfg = Debug|Any CPU
		{4DC718C3-46F3-4C6B-AABD-1BFA14B902DC}.Debug|x86.Build.0 = Debug|Any CPU
		{4DC718C3-46F3-4C6B-AABD-1BFA14B902DC}.Release|Any CPU.ActiveCfg = Release|Any CPU
		{4DC718C3-46F3-4C6B-AABD-1BFA14B902DC}.Release|Any CPU.Build.0 = Release|Any CPU
		{4DC718C3-46F3-4C6B-AABD-1BFA14B902DC}.Release|x64.ActiveCfg = Release|Any CPU
		{4DC718C3-46F3-4C6B-AABD-1BFA14B902DC}.Release|x64.Build.0 = Release|Any CPU
		{4DC718C3-46F3-4C6B-AABD-1BFA14B902DC}.Release|x86.ActiveCfg = Release|Any CPU
		{4DC718C3-46F3-4C6B-AABD-1BFA14B902DC}.Release|x86.Build.0 = Release|Any CPU
		{A742D47F-F336-4A00-B434-82B108FA515C}.Debug|Any CPU.ActiveCfg = Debug|Any CPU
		{A742D47F-F336-4A00-B434-82B108FA515C}.Debug|Any CPU.Build.0 = Debug|Any CPU
		{A742D47F-F336-4A00-B434-82B108FA515C}.Debug|x64.ActiveCfg = Debug|Any CPU
		{A742D47F-F336-4A00-B434-82B108FA515C}.Debug|x64.Build.0 = Debug|Any CPU
		{A742D47F-F336-4A00-B434-82B108FA515C}.Debug|x86.ActiveCfg = Debug|Any CPU
		{A742D47F-F336-4A00-B434-82B108FA515C}.Debug|x86.Build.0 = Debug|Any CPU
		{A742D47F-F336-4A00-B434-82B108FA515C}.Release|Any CPU.ActiveCfg = Release|Any CPU
		{A742D47F-F336-4A00-B434-82B108FA515C}.Release|Any CPU.Build.0 = Release|Any CPU
		{A742D47F-F336-4A00-B434-82B108FA515C}.Release|x64.ActiveCfg = Release|Any CPU
		{A742D47F-F336-4A00-B434-82B108FA515C}.Release|x64.Build.0 = Release|Any CPU
		{A742D47F-F336-4A00-B434-82B108FA515C}.Release|x86.ActiveCfg = Release|Any CPU
		{A742D47F-F336-4A00-B434-82B108FA515C}.Release|x86.Build.0 = Release|Any CPU
		{60CFD67E-1E54-4C42-A5C0-AAC1D65A88C5}.Debug|Any CPU.ActiveCfg = Debug|Any CPU
		{60CFD67E-1E54-4C42-A5C0-AAC1D65A88C5}.Debug|Any CPU.Build.0 = Debug|Any CPU
		{60CFD67E-1E54-4C42-A5C0-AAC1D65A88C5}.Debug|x64.ActiveCfg = Debug|Any CPU
		{60CFD67E-1E54-4C42-A5C0-AAC1D65A88C5}.Debug|x64.Build.0 = Debug|Any CPU
		{60CFD67E-1E54-4C42-A5C0-AAC1D65A88C5}.Debug|x86.ActiveCfg = Debug|Any CPU
		{60CFD67E-1E54-4C42-A5C0-AAC1D65A88C5}.Debug|x86.Build.0 = Debug|Any CPU
		{60CFD67E-1E54-4C42-A5C0-AAC1D65A88C5}.Release|Any CPU.ActiveCfg = Release|Any CPU
		{60CFD67E-1E54-4C42-A5C0-AAC1D65A88C5}.Release|Any CPU.Build.0 = Release|Any CPU
		{60CFD67E-1E54-4C42-A5C0-AAC1D65A88C5}.Release|x64.ActiveCfg = Release|Any CPU
		{60CFD67E-1E54-4C42-A5C0-AAC1D65A88C5}.Release|x64.Build.0 = Release|Any CPU
		{60CFD67E-1E54-4C42-A5C0-AAC1D65A88C5}.Release|x86.ActiveCfg = Release|Any CPU
		{60CFD67E-1E54-4C42-A5C0-AAC1D65A88C5}.Release|x86.Build.0 = Release|Any CPU
		{11CC98C6-5277-4566-BFFD-32076888D2B4}.Debug|Any CPU.ActiveCfg = Debug|Any CPU
		{11CC98C6-5277-4566-BFFD-32076888D2B4}.Debug|Any CPU.Build.0 = Debug|Any CPU
		{11CC98C6-5277-4566-BFFD-32076888D2B4}.Debug|x64.ActiveCfg = Debug|Any CPU
		{11CC98C6-5277-4566-BFFD-32076888D2B4}.Debug|x64.Build.0 = Debug|Any CPU
		{11CC98C6-5277-4566-BFFD-32076888D2B4}.Debug|x86.ActiveCfg = Debug|Any CPU
		{11CC98C6-5277-4566-BFFD-32076888D2B4}.Debug|x86.Build.0 = Debug|Any CPU
		{11CC98C6-5277-4566-BFFD-32076888D2B4}.Release|Any CPU.ActiveCfg = Release|Any CPU
		{11CC98C6-5277-4566-BFFD-32076888D2B4}.Release|Any CPU.Build.0 = Release|Any CPU
		{11CC98C6-5277-4566-BFFD-32076888D2B4}.Release|x64.ActiveCfg = Release|Any CPU
		{11CC98C6-5277-4566-BFFD-32076888D2B4}.Release|x64.Build.0 = Release|Any CPU
		{11CC98C6-5277-4566-BFFD-32076888D2B4}.Release|x86.ActiveCfg = Release|Any CPU
		{11CC98C6-5277-4566-BFFD-32076888D2B4}.Release|x86.Build.0 = Release|Any CPU
		{8D8580C3-40E7-4866-9C21-6F4302416FE0}.Debug|Any CPU.ActiveCfg = Debug|Any CPU
		{8D8580C3-40E7-4866-9C21-6F4302416FE0}.Debug|Any CPU.Build.0 = Debug|Any CPU
		{8D8580C3-40E7-4866-9C21-6F4302416FE0}.Debug|x64.ActiveCfg = Debug|Any CPU
		{8D8580C3-40E7-4866-9C21-6F4302416FE0}.Debug|x64.Build.0 = Debug|Any CPU
		{8D8580C3-40E7-4866-9C21-6F4302416FE0}.Debug|x86.ActiveCfg = Debug|Any CPU
		{8D8580C3-40E7-4866-9C21-6F4302416FE0}.Debug|x86.Build.0 = Debug|Any CPU
		{8D8580C3-40E7-4866-9C21-6F4302416FE0}.Release|Any CPU.ActiveCfg = Release|Any CPU
		{8D8580C3-40E7-4866-9C21-6F4302416FE0}.Release|Any CPU.Build.0 = Release|Any CPU
		{8D8580C3-40E7-4866-9C21-6F4302416FE0}.Release|x64.ActiveCfg = Release|Any CPU
		{8D8580C3-40E7-4866-9C21-6F4302416FE0}.Release|x64.Build.0 = Release|Any CPU
		{8D8580C3-40E7-4866-9C21-6F4302416FE0}.Release|x86.ActiveCfg = Release|Any CPU
		{8D8580C3-40E7-4866-9C21-6F4302416FE0}.Release|x86.Build.0 = Release|Any CPU
		{373B410F-7ABF-4809-9420-B494EDB35394}.Debug|Any CPU.ActiveCfg = Debug|Any CPU
		{373B410F-7ABF-4809-9420-B494EDB35394}.Debug|Any CPU.Build.0 = Debug|Any CPU
		{373B410F-7ABF-4809-9420-B494EDB35394}.Debug|x64.ActiveCfg = Debug|Any CPU
		{373B410F-7ABF-4809-9420-B494EDB35394}.Debug|x64.Build.0 = Debug|Any CPU
		{373B410F-7ABF-4809-9420-B494EDB35394}.Debug|x86.ActiveCfg = Debug|Any CPU
		{373B410F-7ABF-4809-9420-B494EDB35394}.Debug|x86.Build.0 = Debug|Any CPU
		{373B410F-7ABF-4809-9420-B494EDB35394}.Release|Any CPU.ActiveCfg = Release|Any CPU
		{373B410F-7ABF-4809-9420-B494EDB35394}.Release|Any CPU.Build.0 = Release|Any CPU
		{373B410F-7ABF-4809-9420-B494EDB35394}.Release|x64.ActiveCfg = Release|Any CPU
		{373B410F-7ABF-4809-9420-B494EDB35394}.Release|x64.Build.0 = Release|Any CPU
		{373B410F-7ABF-4809-9420-B494EDB35394}.Release|x86.ActiveCfg = Release|Any CPU
		{373B410F-7ABF-4809-9420-B494EDB35394}.Release|x86.Build.0 = Release|Any CPU
		{841DD667-32BC-4EB8-865E-1232DC89448A}.Debug|Any CPU.ActiveCfg = Debug|Any CPU
		{841DD667-32BC-4EB8-865E-1232DC89448A}.Debug|Any CPU.Build.0 = Debug|Any CPU
		{841DD667-32BC-4EB8-865E-1232DC89448A}.Debug|x64.ActiveCfg = Debug|Any CPU
		{841DD667-32BC-4EB8-865E-1232DC89448A}.Debug|x64.Build.0 = Debug|Any CPU
		{841DD667-32BC-4EB8-865E-1232DC89448A}.Debug|x86.ActiveCfg = Debug|Any CPU
		{841DD667-32BC-4EB8-865E-1232DC89448A}.Debug|x86.Build.0 = Debug|Any CPU
		{841DD667-32BC-4EB8-865E-1232DC89448A}.Release|Any CPU.ActiveCfg = Release|Any CPU
		{841DD667-32BC-4EB8-865E-1232DC89448A}.Release|Any CPU.Build.0 = Release|Any CPU
		{841DD667-32BC-4EB8-865E-1232DC89448A}.Release|x64.ActiveCfg = Release|Any CPU
		{841DD667-32BC-4EB8-865E-1232DC89448A}.Release|x64.Build.0 = Release|Any CPU
		{841DD667-32BC-4EB8-865E-1232DC89448A}.Release|x86.ActiveCfg = Release|Any CPU
		{841DD667-32BC-4EB8-865E-1232DC89448A}.Release|x86.Build.0 = Release|Any CPU
		{46653A17-9946-4537-A20C-C13ACC7D2DF3}.Debug|Any CPU.ActiveCfg = Debug|Any CPU
		{46653A17-9946-4537-A20C-C13ACC7D2DF3}.Debug|Any CPU.Build.0 = Debug|Any CPU
		{46653A17-9946-4537-A20C-C13ACC7D2DF3}.Debug|x64.ActiveCfg = Debug|Any CPU
		{46653A17-9946-4537-A20C-C13ACC7D2DF3}.Debug|x64.Build.0 = Debug|Any CPU
		{46653A17-9946-4537-A20C-C13ACC7D2DF3}.Debug|x86.ActiveCfg = Debug|Any CPU
		{46653A17-9946-4537-A20C-C13ACC7D2DF3}.Debug|x86.Build.0 = Debug|Any CPU
		{46653A17-9946-4537-A20C-C13ACC7D2DF3}.Release|Any CPU.ActiveCfg = Release|Any CPU
		{46653A17-9946-4537-A20C-C13ACC7D2DF3}.Release|Any CPU.Build.0 = Release|Any CPU
		{46653A17-9946-4537-A20C-C13ACC7D2DF3}.Release|x64.ActiveCfg = Release|Any CPU
		{46653A17-9946-4537-A20C-C13ACC7D2DF3}.Release|x64.Build.0 = Release|Any CPU
		{46653A17-9946-4537-A20C-C13ACC7D2DF3}.Release|x86.ActiveCfg = Release|Any CPU
		{46653A17-9946-4537-A20C-C13ACC7D2DF3}.Release|x86.Build.0 = Release|Any CPU
		{7771BA5A-BD74-4949-8067-8948E2F36F22}.Debug|Any CPU.ActiveCfg = Debug|Any CPU
		{7771BA5A-BD74-4949-8067-8948E2F36F22}.Debug|Any CPU.Build.0 = Debug|Any CPU
		{7771BA5A-BD74-4949-8067-8948E2F36F22}.Debug|x64.ActiveCfg = Debug|Any CPU
		{7771BA5A-BD74-4949-8067-8948E2F36F22}.Debug|x64.Build.0 = Debug|Any CPU
		{7771BA5A-BD74-4949-8067-8948E2F36F22}.Debug|x86.ActiveCfg = Debug|Any CPU
		{7771BA5A-BD74-4949-8067-8948E2F36F22}.Debug|x86.Build.0 = Debug|Any CPU
		{7771BA5A-BD74-4949-8067-8948E2F36F22}.Release|Any CPU.ActiveCfg = Release|Any CPU
		{7771BA5A-BD74-4949-8067-8948E2F36F22}.Release|Any CPU.Build.0 = Release|Any CPU
		{7771BA5A-BD74-4949-8067-8948E2F36F22}.Release|x64.ActiveCfg = Release|Any CPU
		{7771BA5A-BD74-4949-8067-8948E2F36F22}.Release|x64.Build.0 = Release|Any CPU
		{7771BA5A-BD74-4949-8067-8948E2F36F22}.Release|x86.ActiveCfg = Release|Any CPU
		{7771BA5A-BD74-4949-8067-8948E2F36F22}.Release|x86.Build.0 = Release|Any CPU
		{85902570-4822-49E4-AC78-F291E1A4E6F7}.Debug|Any CPU.ActiveCfg = Debug|Any CPU
		{85902570-4822-49E4-AC78-F291E1A4E6F7}.Debug|Any CPU.Build.0 = Debug|Any CPU
		{85902570-4822-49E4-AC78-F291E1A4E6F7}.Debug|x64.ActiveCfg = Debug|Any CPU
		{85902570-4822-49E4-AC78-F291E1A4E6F7}.Debug|x64.Build.0 = Debug|Any CPU
		{85902570-4822-49E4-AC78-F291E1A4E6F7}.Debug|x86.ActiveCfg = Debug|Any CPU
		{85902570-4822-49E4-AC78-F291E1A4E6F7}.Debug|x86.Build.0 = Debug|Any CPU
		{85902570-4822-49E4-AC78-F291E1A4E6F7}.Release|Any CPU.ActiveCfg = Release|Any CPU
		{85902570-4822-49E4-AC78-F291E1A4E6F7}.Release|Any CPU.Build.0 = Release|Any CPU
		{85902570-4822-49E4-AC78-F291E1A4E6F7}.Release|x64.ActiveCfg = Release|Any CPU
		{85902570-4822-49E4-AC78-F291E1A4E6F7}.Release|x64.Build.0 = Release|Any CPU
		{85902570-4822-49E4-AC78-F291E1A4E6F7}.Release|x86.ActiveCfg = Release|Any CPU
		{85902570-4822-49E4-AC78-F291E1A4E6F7}.Release|x86.Build.0 = Release|Any CPU
		{B60A1576-33EB-4BED-A753-D03A797F975A}.Debug|Any CPU.ActiveCfg = Debug|Any CPU
		{B60A1576-33EB-4BED-A753-D03A797F975A}.Debug|Any CPU.Build.0 = Debug|Any CPU
		{B60A1576-33EB-4BED-A753-D03A797F975A}.Debug|x64.ActiveCfg = Debug|Any CPU
		{B60A1576-33EB-4BED-A753-D03A797F975A}.Debug|x64.Build.0 = Debug|Any CPU
		{B60A1576-33EB-4BED-A753-D03A797F975A}.Debug|x86.ActiveCfg = Debug|Any CPU
		{B60A1576-33EB-4BED-A753-D03A797F975A}.Debug|x86.Build.0 = Debug|Any CPU
		{B60A1576-33EB-4BED-A753-D03A797F975A}.Release|Any CPU.ActiveCfg = Release|Any CPU
		{B60A1576-33EB-4BED-A753-D03A797F975A}.Release|Any CPU.Build.0 = Release|Any CPU
		{B60A1576-33EB-4BED-A753-D03A797F975A}.Release|x64.ActiveCfg = Release|Any CPU
		{B60A1576-33EB-4BED-A753-D03A797F975A}.Release|x64.Build.0 = Release|Any CPU
		{B60A1576-33EB-4BED-A753-D03A797F975A}.Release|x86.ActiveCfg = Release|Any CPU
		{B60A1576-33EB-4BED-A753-D03A797F975A}.Release|x86.Build.0 = Release|Any CPU
		{109833E7-1E8C-49B6-9CB1-30962C0335BD}.Debug|Any CPU.ActiveCfg = Debug|Any CPU
		{109833E7-1E8C-49B6-9CB1-30962C0335BD}.Debug|Any CPU.Build.0 = Debug|Any CPU
		{109833E7-1E8C-49B6-9CB1-30962C0335BD}.Debug|x64.ActiveCfg = Debug|Any CPU
		{109833E7-1E8C-49B6-9CB1-30962C0335BD}.Debug|x64.Build.0 = Debug|Any CPU
		{109833E7-1E8C-49B6-9CB1-30962C0335BD}.Debug|x86.ActiveCfg = Debug|Any CPU
		{109833E7-1E8C-49B6-9CB1-30962C0335BD}.Debug|x86.Build.0 = Debug|Any CPU
		{109833E7-1E8C-49B6-9CB1-30962C0335BD}.Release|Any CPU.ActiveCfg = Release|Any CPU
		{109833E7-1E8C-49B6-9CB1-30962C0335BD}.Release|Any CPU.Build.0 = Release|Any CPU
		{109833E7-1E8C-49B6-9CB1-30962C0335BD}.Release|x64.ActiveCfg = Release|Any CPU
		{109833E7-1E8C-49B6-9CB1-30962C0335BD}.Release|x64.Build.0 = Release|Any CPU
		{109833E7-1E8C-49B6-9CB1-30962C0335BD}.Release|x86.ActiveCfg = Release|Any CPU
		{109833E7-1E8C-49B6-9CB1-30962C0335BD}.Release|x86.Build.0 = Release|Any CPU
		{600E2942-97CA-45AC-B3FA-9A45DA60A5FF}.Debug|Any CPU.ActiveCfg = Debug|Any CPU
		{600E2942-97CA-45AC-B3FA-9A45DA60A5FF}.Debug|Any CPU.Build.0 = Debug|Any CPU
		{600E2942-97CA-45AC-B3FA-9A45DA60A5FF}.Debug|x64.ActiveCfg = Debug|Any CPU
		{600E2942-97CA-45AC-B3FA-9A45DA60A5FF}.Debug|x64.Build.0 = Debug|Any CPU
		{600E2942-97CA-45AC-B3FA-9A45DA60A5FF}.Debug|x86.ActiveCfg = Debug|Any CPU
		{600E2942-97CA-45AC-B3FA-9A45DA60A5FF}.Debug|x86.Build.0 = Debug|Any CPU
		{600E2942-97CA-45AC-B3FA-9A45DA60A5FF}.Release|Any CPU.ActiveCfg = Release|Any CPU
		{600E2942-97CA-45AC-B3FA-9A45DA60A5FF}.Release|Any CPU.Build.0 = Release|Any CPU
		{600E2942-97CA-45AC-B3FA-9A45DA60A5FF}.Release|x64.ActiveCfg = Release|Any CPU
		{600E2942-97CA-45AC-B3FA-9A45DA60A5FF}.Release|x64.Build.0 = Release|Any CPU
		{600E2942-97CA-45AC-B3FA-9A45DA60A5FF}.Release|x86.ActiveCfg = Release|Any CPU
		{600E2942-97CA-45AC-B3FA-9A45DA60A5FF}.Release|x86.Build.0 = Release|Any CPU
		{DA2E3D18-3032-443F-9764-6E9A1ADFBE82}.Debug|Any CPU.ActiveCfg = Debug|Any CPU
		{DA2E3D18-3032-443F-9764-6E9A1ADFBE82}.Debug|Any CPU.Build.0 = Debug|Any CPU
		{DA2E3D18-3032-443F-9764-6E9A1ADFBE82}.Debug|x64.ActiveCfg = Debug|Any CPU
		{DA2E3D18-3032-443F-9764-6E9A1ADFBE82}.Debug|x64.Build.0 = Debug|Any CPU
		{DA2E3D18-3032-443F-9764-6E9A1ADFBE82}.Debug|x86.ActiveCfg = Debug|Any CPU
		{DA2E3D18-3032-443F-9764-6E9A1ADFBE82}.Debug|x86.Build.0 = Debug|Any CPU
		{DA2E3D18-3032-443F-9764-6E9A1ADFBE82}.Release|Any CPU.ActiveCfg = Release|Any CPU
		{DA2E3D18-3032-443F-9764-6E9A1ADFBE82}.Release|Any CPU.Build.0 = Release|Any CPU
		{DA2E3D18-3032-443F-9764-6E9A1ADFBE82}.Release|x64.ActiveCfg = Release|Any CPU
		{DA2E3D18-3032-443F-9764-6E9A1ADFBE82}.Release|x64.Build.0 = Release|Any CPU
		{DA2E3D18-3032-443F-9764-6E9A1ADFBE82}.Release|x86.ActiveCfg = Release|Any CPU
		{DA2E3D18-3032-443F-9764-6E9A1ADFBE82}.Release|x86.Build.0 = Release|Any CPU
		{A9038C40-5D86-455B-869B-61069A6DF318}.Debug|Any CPU.ActiveCfg = Debug|Any CPU
		{A9038C40-5D86-455B-869B-61069A6DF318}.Debug|Any CPU.Build.0 = Debug|Any CPU
		{A9038C40-5D86-455B-869B-61069A6DF318}.Debug|x64.ActiveCfg = Debug|Any CPU
		{A9038C40-5D86-455B-869B-61069A6DF318}.Debug|x64.Build.0 = Debug|Any CPU
		{A9038C40-5D86-455B-869B-61069A6DF318}.Debug|x86.ActiveCfg = Debug|Any CPU
		{A9038C40-5D86-455B-869B-61069A6DF318}.Debug|x86.Build.0 = Debug|Any CPU
		{A9038C40-5D86-455B-869B-61069A6DF318}.Release|Any CPU.ActiveCfg = Release|Any CPU
		{A9038C40-5D86-455B-869B-61069A6DF318}.Release|Any CPU.Build.0 = Release|Any CPU
		{A9038C40-5D86-455B-869B-61069A6DF318}.Release|x64.ActiveCfg = Release|Any CPU
		{A9038C40-5D86-455B-869B-61069A6DF318}.Release|x64.Build.0 = Release|Any CPU
		{A9038C40-5D86-455B-869B-61069A6DF318}.Release|x86.ActiveCfg = Release|Any CPU
		{A9038C40-5D86-455B-869B-61069A6DF318}.Release|x86.Build.0 = Release|Any CPU
		{2E26C321-F8F4-4AC7-A3B4-B755702388F0}.Debug|Any CPU.ActiveCfg = Debug|Any CPU
		{2E26C321-F8F4-4AC7-A3B4-B755702388F0}.Debug|Any CPU.Build.0 = Debug|Any CPU
		{2E26C321-F8F4-4AC7-A3B4-B755702388F0}.Debug|x64.ActiveCfg = Debug|Any CPU
		{2E26C321-F8F4-4AC7-A3B4-B755702388F0}.Debug|x64.Build.0 = Debug|Any CPU
		{2E26C321-F8F4-4AC7-A3B4-B755702388F0}.Debug|x86.ActiveCfg = Debug|Any CPU
		{2E26C321-F8F4-4AC7-A3B4-B755702388F0}.Debug|x86.Build.0 = Debug|Any CPU
		{2E26C321-F8F4-4AC7-A3B4-B755702388F0}.Release|Any CPU.ActiveCfg = Release|Any CPU
		{2E26C321-F8F4-4AC7-A3B4-B755702388F0}.Release|Any CPU.Build.0 = Release|Any CPU
		{2E26C321-F8F4-4AC7-A3B4-B755702388F0}.Release|x64.ActiveCfg = Release|Any CPU
		{2E26C321-F8F4-4AC7-A3B4-B755702388F0}.Release|x64.Build.0 = Release|Any CPU
		{2E26C321-F8F4-4AC7-A3B4-B755702388F0}.Release|x86.ActiveCfg = Release|Any CPU
		{2E26C321-F8F4-4AC7-A3B4-B755702388F0}.Release|x86.Build.0 = Release|Any CPU
	EndGlobalSection
	GlobalSection(SolutionProperties) = preSolution
		HideSolutionNode = FALSE
	EndGlobalSection
	GlobalSection(NestedProjects) = preSolution
		{B7C0642C-3C98-4119-9ABD-E7AB2F16C090} = {E77B639D-834C-4133-A3F1-868A51440451}
		{0C39F6DB-2491-4481-8D3F-08154DAAF66D} = {E77B639D-834C-4133-A3F1-868A51440451}
		{1F991EFC-A6FF-4788-B078-D6E308BEF5FA} = {E77B639D-834C-4133-A3F1-868A51440451}
		{9549F463-5563-4CA0-9262-7B489FC62286} = {1F991EFC-A6FF-4788-B078-D6E308BEF5FA}
		{FA9C9C25-4AEB-4510-BD66-E08DE478A4A5} = {1F991EFC-A6FF-4788-B078-D6E308BEF5FA}
		{ABF631EB-0C71-41BF-B532-752983616D6D} = {1F991EFC-A6FF-4788-B078-D6E308BEF5FA}
		{CD0BC964-B635-44B3-93F7-CD1F7BBFD0D2} = {1F991EFC-A6FF-4788-B078-D6E308BEF5FA}
		{799F27F9-65C6-4B05-9BC9-0A35CD83BCA3} = {1F991EFC-A6FF-4788-B078-D6E308BEF5FA}
		{4DC718C3-46F3-4C6B-AABD-1BFA14B902DC} = {1F991EFC-A6FF-4788-B078-D6E308BEF5FA}
		{A742D47F-F336-4A00-B434-82B108FA515C} = {1F991EFC-A6FF-4788-B078-D6E308BEF5FA}
		{60CFD67E-1E54-4C42-A5C0-AAC1D65A88C5} = {1F991EFC-A6FF-4788-B078-D6E308BEF5FA}
		{11CC98C6-5277-4566-BFFD-32076888D2B4} = {1F991EFC-A6FF-4788-B078-D6E308BEF5FA}
		{8D8580C3-40E7-4866-9C21-6F4302416FE0} = {1F991EFC-A6FF-4788-B078-D6E308BEF5FA}
		{373B410F-7ABF-4809-9420-B494EDB35394} = {1F991EFC-A6FF-4788-B078-D6E308BEF5FA}
		{841DD667-32BC-4EB8-865E-1232DC89448A} = {1F991EFC-A6FF-4788-B078-D6E308BEF5FA}
		{46653A17-9946-4537-A20C-C13ACC7D2DF3} = {1F991EFC-A6FF-4788-B078-D6E308BEF5FA}
		{7771BA5A-BD74-4949-8067-8948E2F36F22} = {1F991EFC-A6FF-4788-B078-D6E308BEF5FA}
		{85902570-4822-49E4-AC78-F291E1A4E6F7} = {1F991EFC-A6FF-4788-B078-D6E308BEF5FA}
		{B60A1576-33EB-4BED-A753-D03A797F975A} = {1F991EFC-A6FF-4788-B078-D6E308BEF5FA}
		{109833E7-1E8C-49B6-9CB1-30962C0335BD} = {1F991EFC-A6FF-4788-B078-D6E308BEF5FA}
		{600E2942-97CA-45AC-B3FA-9A45DA60A5FF} = {1F991EFC-A6FF-4788-B078-D6E308BEF5FA}
		{DA2E3D18-3032-443F-9764-6E9A1ADFBE82} = {1F991EFC-A6FF-4788-B078-D6E308BEF5FA}
		{A9038C40-5D86-455B-869B-61069A6DF318} = {1F991EFC-A6FF-4788-B078-D6E308BEF5FA}
		{2E26C321-F8F4-4AC7-A3B4-B755702388F0} = {1F991EFC-A6FF-4788-B078-D6E308BEF5FA}
	EndGlobalSection
	GlobalSection(ExtensibilityGlobals) = postSolution
		SolutionGuid = {0E2B37AE-C103-4A21-AB47-0131D12D6E70}
	EndGlobalSection
EndGlobal
